
Microsoft Visual Studio Solution File, Format Version 12.00
# Visual Studio Version 17
VisualStudioVersion = 17.3.32819.101
MinimumVisualStudioVersion = 10.0.40219.1
Project("{FAE04EC0-301F-11D3-BF4B-00C04F79EFBC}") = "Inventory Management", "Inventory Management\Inventory Management.csproj", "{3D15C1D7-0B93-4A0D-8C9E-4667E40E3602}"
EndProject
Global
	GlobalSection(SolutionConfigurationPlatforms) = preSolution
		Debug|Any CPU = Debug|Any CPU
		Release|Any CPU = Release|Any CPU
	EndGlobalSection
	GlobalSection(ProjectConfigurationPlatforms) = postSolution
		{3D15C1D7-0B93-4A0D-8C9E-4667E40E3602}.Debug|Any CPU.ActiveCfg = Debug|Any CPU
		{3D15C1D7-0B93-4A0D-8C9E-4667E40E3602}.Debug|Any CPU.Build.0 = Debug|Any CPU
		{3D15C1D7-0B93-4A0D-8C9E-4667E40E3602}.Release|Any CPU.ActiveCfg = Release|Any CPU
		{3D15C1D7-0B93-4A0D-8C9E-4667E40E3602}.Release|Any CPU.Build.0 = Release|Any CPU
	EndGlobalSection
	GlobalSection(SolutionProperties) = preSolution
		HideSolutionNode = FALSE
	EndGlobalSection
	GlobalSection(ExtensibilityGlobals) = postSolution
		SolutionGuid = {1CEFD5DA-694A-43D1-9D73-BFC4280337D4}
	EndGlobalSection
EndGlobal
